// !$*UTF8*$!
{
	archiveVersion = 1;
	classes = {
	};
	objectVersion = 56;
	objects = {

/* Begin PBXBuildFile section */
		72154D262C33E77F00EEF679 /* AppDelegate.swift in Sources */ = {isa = PBXBuildFile; fileRef = 72154D252C33E77F00EEF679 /* AppDelegate.swift */; };
		72154D282C33E77F00EEF679 /* SceneDelegate.swift in Sources */ = {isa = PBXBuildFile; fileRef = 72154D272C33E77F00EEF679 /* SceneDelegate.swift */; };
		72154D2F2C33E78000EEF679 /* Assets.xcassets in Resources */ = {isa = PBXBuildFile; fileRef = 72154D2E2C33E78000EEF679 /* Assets.xcassets */; };
		72154D322C33E78000EEF679 /* Base in Resources */ = {isa = PBXBuildFile; fileRef = 72154D312C33E78000EEF679 /* Base */; };
		72154D3A2C33EC0B00EEF679 /* MainViewController.swift in Sources */ = {isa = PBXBuildFile; fileRef = 72154D392C33EC0B00EEF679 /* MainViewController.swift */; };
		72154D3E2C33F17A00EEF679 /* BaseViewController.swift in Sources */ = {isa = PBXBuildFile; fileRef = 72154D3D2C33F17A00EEF679 /* BaseViewController.swift */; };
		72154D412C33F1EC00EEF679 /* ViewController+Extension.swift in Sources */ = {isa = PBXBuildFile; fileRef = 72154D402C33F1EC00EEF679 /* ViewController+Extension.swift */; };
		72154D442C33F96700EEF679 /* ReuseIdentifierProtocol.swift in Sources */ = {isa = PBXBuildFile; fileRef = 72154D432C33F96700EEF679 /* ReuseIdentifierProtocol.swift */; };
		72154D472C33F9D200EEF679 /* BaseCollectionViewCell.swift in Sources */ = {isa = PBXBuildFile; fileRef = 72154D462C33F9D200EEF679 /* BaseCollectionViewCell.swift */; };
		72154D492C33F9F400EEF679 /* MainCollectionViewCell.swift in Sources */ = {isa = PBXBuildFile; fileRef = 72154D482C33F9F400EEF679 /* MainCollectionViewCell.swift */; };
		72154D4C2C33FAB500EEF679 /* SnapKit in Frameworks */ = {isa = PBXBuildFile; productRef = 72154D4B2C33FAB500EEF679 /* SnapKit */; };
		72154D4F2C33FE2100EEF679 /* IconImage.swift in Sources */ = {isa = PBXBuildFile; fileRef = 72154D4E2C33FE2100EEF679 /* IconImage.swift */; };
		72154D522C3402CB00EEF679 /* Icon.swift in Sources */ = {isa = PBXBuildFile; fileRef = 72154D512C3402CB00EEF679 /* Icon.swift */; };
		72154D542C34062200EEF679 /* NewListViewController.swift in Sources */ = {isa = PBXBuildFile; fileRef = 72154D532C34062200EEF679 /* NewListViewController.swift */; };
		72154D562C34360800EEF679 /* NewListTitleTableViewCell.swift in Sources */ = {isa = PBXBuildFile; fileRef = 72154D552C34360800EEF679 /* NewListTitleTableViewCell.swift */; };
		72154D582C34362C00EEF679 /* BaseTableViewCell.swift in Sources */ = {isa = PBXBuildFile; fileRef = 72154D572C34362C00EEF679 /* BaseTableViewCell.swift */; };
		72154D5A2C3439AC00EEF679 /* NewListSettingTableViewCell.swift in Sources */ = {isa = PBXBuildFile; fileRef = 72154D592C3439AC00EEF679 /* NewListSettingTableViewCell.swift */; };
		72154D5C2C34443800EEF679 /* NewList.swift in Sources */ = {isa = PBXBuildFile; fileRef = 72154D5B2C34443800EEF679 /* NewList.swift */; };
		72154D5F2C3450B900EEF679 /* RealmSwift in Frameworks */ = {isa = PBXBuildFile; productRef = 72154D5E2C3450B900EEF679 /* RealmSwift */; };
		72154D602C3450DF00EEF679 /* RealmSwift in Embed Frameworks */ = {isa = PBXBuildFile; productRef = 72154D5E2C3450B900EEF679 /* RealmSwift */; settings = {ATTRIBUTES = (CodeSignOnCopy, ); }; };
		72154D642C3451B100EEF679 /* RealmModel.swift in Sources */ = {isa = PBXBuildFile; fileRef = 72154D632C3451B100EEF679 /* RealmModel.swift */; };
		72154D662C34529600EEF679 /* TitleProtocol.swift in Sources */ = {isa = PBXBuildFile; fileRef = 72154D652C34529600EEF679 /* TitleProtocol.swift */; };
		72154D692C3457C800EEF679 /* Toast in Frameworks */ = {isa = PBXBuildFile; productRef = 72154D682C3457C800EEF679 /* Toast */; };
		72154D6B2C3459A700EEF679 /* AllListViewController.swift in Sources */ = {isa = PBXBuildFile; fileRef = 72154D6A2C3459A700EEF679 /* AllListViewController.swift */; };
		72154D6D2C34622400EEF679 /* AllListTableViewCell.swift in Sources */ = {isa = PBXBuildFile; fileRef = 72154D6C2C34622400EEF679 /* AllListTableViewCell.swift */; };
		72154D6F2C34689900EEF679 /* DateViewController.swift in Sources */ = {isa = PBXBuildFile; fileRef = 72154D6E2C34689900EEF679 /* DateViewController.swift */; };
		72154D742C352BF700EEF679 /* TagViewController.swift in Sources */ = {isa = PBXBuildFile; fileRef = 72154D732C352BF700EEF679 /* TagViewController.swift */; };
		72154D762C352EBD00EEF679 /* PriorityViewController.swift in Sources */ = {isa = PBXBuildFile; fileRef = 72154D752C352EBD00EEF679 /* PriorityViewController.swift */; };
		72154D782C35A75C00EEF679 /* PresentProtocol.swift in Sources */ = {isa = PBXBuildFile; fileRef = 72154D772C35A75C00EEF679 /* PresentProtocol.swift */; };
		72154D812C37C3FE00EEF679 /* FSCalendar in Frameworks */ = {isa = PBXBuildFile; productRef = 72154D802C37C3FE00EEF679 /* FSCalendar */; };
		72154D832C37DE9C00EEF679 /* MainTableViewCell.swift in Sources */ = {isa = PBXBuildFile; fileRef = 72154D822C37DE9C00EEF679 /* MainTableViewCell.swift */; };
		72154D9A2C3AEEBD00EEF679 /* DetailViewController.swift in Sources */ = {isa = PBXBuildFile; fileRef = 72154D992C3AEEBD00EEF679 /* DetailViewController.swift */; };
		72154D9C2C3AF1BB00EEF679 /* ListTableRepository.swift in Sources */ = {isa = PBXBuildFile; fileRef = 72154D9B2C3AF1BB00EEF679 /* ListTableRepository.swift */; };
/* End PBXBuildFile section */

/* Begin PBXCopyFilesBuildPhase section */
		72154D612C3450DF00EEF679 /* Embed Frameworks */ = {
			isa = PBXCopyFilesBuildPhase;
			buildActionMask = 2147483647;
			dstPath = "";
			dstSubfolderSpec = 10;
			files = (
				72154D602C3450DF00EEF679 /* RealmSwift in Embed Frameworks */,
			);
			name = "Embed Frameworks";
			runOnlyForDeploymentPostprocessing = 0;
		};
/* End PBXCopyFilesBuildPhase section */

/* Begin PBXFileReference section */
		72154D222C33E77F00EEF679 /* ReminderProject.app */ = {isa = PBXFileReference; explicitFileType = wrapper.application; includeInIndex = 0; path = ReminderProject.app; sourceTree = BUILT_PRODUCTS_DIR; };
		72154D252C33E77F00EEF679 /* AppDelegate.swift */ = {isa = PBXFileReference; lastKnownFileType = sourcecode.swift; path = AppDelegate.swift; sourceTree = "<group>"; };
		72154D272C33E77F00EEF679 /* SceneDelegate.swift */ = {isa = PBXFileReference; lastKnownFileType = sourcecode.swift; path = SceneDelegate.swift; sourceTree = "<group>"; };
		72154D2E2C33E78000EEF679 /* Assets.xcassets */ = {isa = PBXFileReference; lastKnownFileType = folder.assetcatalog; path = Assets.xcassets; sourceTree = "<group>"; };
		72154D312C33E78000EEF679 /* Base */ = {isa = PBXFileReference; lastKnownFileType = file.storyboard; name = Base; path = Base.lproj/LaunchScreen.storyboard; sourceTree = "<group>"; };
		72154D332C33E78000EEF679 /* Info.plist */ = {isa = PBXFileReference; lastKnownFileType = text.plist.xml; path = Info.plist; sourceTree = "<group>"; };
		72154D392C33EC0B00EEF679 /* MainViewController.swift */ = {isa = PBXFileReference; lastKnownFileType = sourcecode.swift; path = MainViewController.swift; sourceTree = "<group>"; };
		72154D3D2C33F17A00EEF679 /* BaseViewController.swift */ = {isa = PBXFileReference; lastKnownFileType = sourcecode.swift; path = BaseViewController.swift; sourceTree = "<group>"; };
		72154D402C33F1EC00EEF679 /* ViewController+Extension.swift */ = {isa = PBXFileReference; lastKnownFileType = sourcecode.swift; path = "ViewController+Extension.swift"; sourceTree = "<group>"; };
		72154D432C33F96700EEF679 /* ReuseIdentifierProtocol.swift */ = {isa = PBXFileReference; lastKnownFileType = sourcecode.swift; path = ReuseIdentifierProtocol.swift; sourceTree = "<group>"; };
		72154D462C33F9D200EEF679 /* BaseCollectionViewCell.swift */ = {isa = PBXFileReference; lastKnownFileType = sourcecode.swift; path = BaseCollectionViewCell.swift; sourceTree = "<group>"; };
		72154D482C33F9F400EEF679 /* MainCollectionViewCell.swift */ = {isa = PBXFileReference; lastKnownFileType = sourcecode.swift; path = MainCollectionViewCell.swift; sourceTree = "<group>"; };
		72154D4E2C33FE2100EEF679 /* IconImage.swift */ = {isa = PBXFileReference; lastKnownFileType = sourcecode.swift; path = IconImage.swift; sourceTree = "<group>"; };
		72154D512C3402CB00EEF679 /* Icon.swift */ = {isa = PBXFileReference; lastKnownFileType = sourcecode.swift; path = Icon.swift; sourceTree = "<group>"; };
		72154D532C34062200EEF679 /* NewListViewController.swift */ = {isa = PBXFileReference; lastKnownFileType = sourcecode.swift; path = NewListViewController.swift; sourceTree = "<group>"; };
		72154D552C34360800EEF679 /* NewListTitleTableViewCell.swift */ = {isa = PBXFileReference; lastKnownFileType = sourcecode.swift; path = NewListTitleTableViewCell.swift; sourceTree = "<group>"; };
		72154D572C34362C00EEF679 /* BaseTableViewCell.swift */ = {isa = PBXFileReference; lastKnownFileType = sourcecode.swift; path = BaseTableViewCell.swift; sourceTree = "<group>"; };
		72154D592C3439AC00EEF679 /* NewListSettingTableViewCell.swift */ = {isa = PBXFileReference; lastKnownFileType = sourcecode.swift; path = NewListSettingTableViewCell.swift; sourceTree = "<group>"; };
		72154D5B2C34443800EEF679 /* NewList.swift */ = {isa = PBXFileReference; lastKnownFileType = sourcecode.swift; path = NewList.swift; sourceTree = "<group>"; };
		72154D632C3451B100EEF679 /* RealmModel.swift */ = {isa = PBXFileReference; lastKnownFileType = sourcecode.swift; path = RealmModel.swift; sourceTree = "<group>"; };
		72154D652C34529600EEF679 /* TitleProtocol.swift */ = {isa = PBXFileReference; lastKnownFileType = sourcecode.swift; path = TitleProtocol.swift; sourceTree = "<group>"; };
		72154D6A2C3459A700EEF679 /* AllListViewController.swift */ = {isa = PBXFileReference; lastKnownFileType = sourcecode.swift; path = AllListViewController.swift; sourceTree = "<group>"; };
		72154D6C2C34622400EEF679 /* AllListTableViewCell.swift */ = {isa = PBXFileReference; lastKnownFileType = sourcecode.swift; path = AllListTableViewCell.swift; sourceTree = "<group>"; };
		72154D6E2C34689900EEF679 /* DateViewController.swift */ = {isa = PBXFileReference; lastKnownFileType = sourcecode.swift; path = DateViewController.swift; sourceTree = "<group>"; };
		72154D732C352BF700EEF679 /* TagViewController.swift */ = {isa = PBXFileReference; lastKnownFileType = sourcecode.swift; path = TagViewController.swift; sourceTree = "<group>"; };
		72154D752C352EBD00EEF679 /* PriorityViewController.swift */ = {isa = PBXFileReference; lastKnownFileType = sourcecode.swift; path = PriorityViewController.swift; sourceTree = "<group>"; };
		72154D772C35A75C00EEF679 /* PresentProtocol.swift */ = {isa = PBXFileReference; lastKnownFileType = sourcecode.swift; path = PresentProtocol.swift; sourceTree = "<group>"; };
		72154D822C37DE9C00EEF679 /* MainTableViewCell.swift */ = {isa = PBXFileReference; lastKnownFileType = sourcecode.swift; path = MainTableViewCell.swift; sourceTree = "<group>"; };
		72154D992C3AEEBD00EEF679 /* DetailViewController.swift */ = {isa = PBXFileReference; lastKnownFileType = sourcecode.swift; path = DetailViewController.swift; sourceTree = "<group>"; };
		72154D9B2C3AF1BB00EEF679 /* ListTableRepository.swift */ = {isa = PBXFileReference; lastKnownFileType = sourcecode.swift; path = ListTableRepository.swift; sourceTree = "<group>"; };
/* End PBXFileReference section */

/* Begin PBXFrameworksBuildPhase section */
		72154D1F2C33E77F00EEF679 /* Frameworks */ = {
			isa = PBXFrameworksBuildPhase;
			buildActionMask = 2147483647;
			files = (
				72154D692C3457C800EEF679 /* Toast in Frameworks */,
				72154D812C37C3FE00EEF679 /* FSCalendar in Frameworks */,
				72154D5F2C3450B900EEF679 /* RealmSwift in Frameworks */,
				72154D4C2C33FAB500EEF679 /* SnapKit in Frameworks */,
			);
			runOnlyForDeploymentPostprocessing = 0;
		};
/* End PBXFrameworksBuildPhase section */

/* Begin PBXGroup section */
		72154D192C33E77F00EEF679 = {
			isa = PBXGroup;
			children = (
				72154D242C33E77F00EEF679 /* ReminderProject */,
				72154D232C33E77F00EEF679 /* Products */,
			);
			sourceTree = "<group>";
		};
		72154D232C33E77F00EEF679 /* Products */ = {
			isa = PBXGroup;
			children = (
				72154D222C33E77F00EEF679 /* ReminderProject.app */,
			);
			name = Products;
			sourceTree = "<group>";
		};
		72154D242C33E77F00EEF679 /* ReminderProject */ = {
			isa = PBXGroup;
			children = (
				72154D622C3451A500EEF679 /* DataBase */,
				72154D502C3402B600EEF679 /* Enum */,
				72154D4D2C33FDFB00EEF679 /* CustomView */,
				72154D422C33F95D00EEF679 /* Protocol */,
				72154D3F2C33F1D100EEF679 /* Extension */,
				72154D3C2C33F16700EEF679 /* Base */,
				72154D3B2C33EC1100EEF679 /* ViewController */,
				72154D452C33F99000EEF679 /* Cell */,
				72154D252C33E77F00EEF679 /* AppDelegate.swift */,
				72154D272C33E77F00EEF679 /* SceneDelegate.swift */,
				72154D2E2C33E78000EEF679 /* Assets.xcassets */,
				72154D302C33E78000EEF679 /* LaunchScreen.storyboard */,
				72154D332C33E78000EEF679 /* Info.plist */,
			);
			path = ReminderProject;
			sourceTree = "<group>";
		};
		72154D3B2C33EC1100EEF679 /* ViewController */ = {
			isa = PBXGroup;
			children = (
				72154D392C33EC0B00EEF679 /* MainViewController.swift */,
				72154D532C34062200EEF679 /* NewListViewController.swift */,
				72154D6A2C3459A700EEF679 /* AllListViewController.swift */,
				72154D6E2C34689900EEF679 /* DateViewController.swift */,
				72154D732C352BF700EEF679 /* TagViewController.swift */,
				72154D752C352EBD00EEF679 /* PriorityViewController.swift */,
				72154D992C3AEEBD00EEF679 /* DetailViewController.swift */,
			);
			path = ViewController;
			sourceTree = "<group>";
		};
		72154D3C2C33F16700EEF679 /* Base */ = {
			isa = PBXGroup;
			children = (
				72154D3D2C33F17A00EEF679 /* BaseViewController.swift */,
				72154D572C34362C00EEF679 /* BaseTableViewCell.swift */,
				72154D462C33F9D200EEF679 /* BaseCollectionViewCell.swift */,
			);
			path = Base;
			sourceTree = "<group>";
		};
		72154D3F2C33F1D100EEF679 /* Extension */ = {
			isa = PBXGroup;
			children = (
				72154D402C33F1EC00EEF679 /* ViewController+Extension.swift */,
			);
			path = Extension;
			sourceTree = "<group>";
		};
		72154D422C33F95D00EEF679 /* Protocol */ = {
			isa = PBXGroup;
			children = (
				72154D432C33F96700EEF679 /* ReuseIdentifierProtocol.swift */,
				72154D652C34529600EEF679 /* TitleProtocol.swift */,
				72154D772C35A75C00EEF679 /* PresentProtocol.swift */,
			);
			path = Protocol;
			sourceTree = "<group>";
		};
		72154D452C33F99000EEF679 /* Cell */ = {
			isa = PBXGroup;
			children = (
				72154D482C33F9F400EEF679 /* MainCollectionViewCell.swift */,
				72154D822C37DE9C00EEF679 /* MainTableViewCell.swift */,
				72154D552C34360800EEF679 /* NewListTitleTableViewCell.swift */,
				72154D592C3439AC00EEF679 /* NewListSettingTableViewCell.swift */,
				72154D6C2C34622400EEF679 /* AllListTableViewCell.swift */,
			);
			path = Cell;
			sourceTree = "<group>";
		};
		72154D4D2C33FDFB00EEF679 /* CustomView */ = {
			isa = PBXGroup;
			children = (
				72154D4E2C33FE2100EEF679 /* IconImage.swift */,
			);
			path = CustomView;
			sourceTree = "<group>";
		};
		72154D502C3402B600EEF679 /* Enum */ = {
			isa = PBXGroup;
			children = (
				72154D512C3402CB00EEF679 /* Icon.swift */,
				72154D5B2C34443800EEF679 /* NewList.swift */,
			);
			path = Enum;
			sourceTree = "<group>";
		};
		72154D622C3451A500EEF679 /* DataBase */ = {
			isa = PBXGroup;
			children = (
				72154D632C3451B100EEF679 /* RealmModel.swift */,
				72154D9B2C3AF1BB00EEF679 /* ListTableRepository.swift */,
			);
			path = DataBase;
			sourceTree = "<group>";
		};
/* End PBXGroup section */

/* Begin PBXNativeTarget section */
		72154D212C33E77F00EEF679 /* ReminderProject */ = {
			isa = PBXNativeTarget;
			buildConfigurationList = 72154D362C33E78000EEF679 /* Build configuration list for PBXNativeTarget "ReminderProject" */;
			buildPhases = (
				72154D1E2C33E77F00EEF679 /* Sources */,
				72154D1F2C33E77F00EEF679 /* Frameworks */,
				72154D202C33E77F00EEF679 /* Resources */,
				72154D612C3450DF00EEF679 /* Embed Frameworks */,
			);
			buildRules = (
			);
			dependencies = (
			);
			name = ReminderProject;
			packageProductDependencies = (
				72154D4B2C33FAB500EEF679 /* SnapKit */,
				72154D5E2C3450B900EEF679 /* RealmSwift */,
				72154D682C3457C800EEF679 /* Toast */,
				72154D802C37C3FE00EEF679 /* FSCalendar */,
			);
			productName = ReminderProject;
			productReference = 72154D222C33E77F00EEF679 /* ReminderProject.app */;
			productType = "com.apple.product-type.application";
		};
/* End PBXNativeTarget section */

/* Begin PBXProject section */
		72154D1A2C33E77F00EEF679 /* Project object */ = {
			isa = PBXProject;
			attributes = {
				BuildIndependentTargetsInParallel = 1;
				LastSwiftUpdateCheck = 1530;
				LastUpgradeCheck = 1530;
				TargetAttributes = {
					72154D212C33E77F00EEF679 = {
						CreatedOnToolsVersion = 15.3;
					};
				};
			};
			buildConfigurationList = 72154D1D2C33E77F00EEF679 /* Build configuration list for PBXProject "ReminderProject" */;
			compatibilityVersion = "Xcode 14.0";
			developmentRegion = en;
			hasScannedForEncodings = 0;
			knownRegions = (
				en,
				Base,
			);
			mainGroup = 72154D192C33E77F00EEF679;
			packageReferences = (
				72154D4A2C33FAB500EEF679 /* XCRemoteSwiftPackageReference "SnapKit" */,
				72154D5D2C3450B900EEF679 /* XCRemoteSwiftPackageReference "realm-swift" */,
				72154D672C3457C800EEF679 /* XCRemoteSwiftPackageReference "Toast-Swift" */,
				72154D7F2C37C3FE00EEF679 /* XCRemoteSwiftPackageReference "FSCalendar" */,
			);
			productRefGroup = 72154D232C33E77F00EEF679 /* Products */;
			projectDirPath = "";
			projectRoot = "";
			targets = (
				72154D212C33E77F00EEF679 /* ReminderProject */,
			);
		};
/* End PBXProject section */

/* Begin PBXResourcesBuildPhase section */
		72154D202C33E77F00EEF679 /* Resources */ = {
			isa = PBXResourcesBuildPhase;
			buildActionMask = 2147483647;
			files = (
				72154D2F2C33E78000EEF679 /* Assets.xcassets in Resources */,
				72154D322C33E78000EEF679 /* Base in Resources */,
			);
			runOnlyForDeploymentPostprocessing = 0;
		};
/* End PBXResourcesBuildPhase section */

/* Begin PBXSourcesBuildPhase section */
		72154D1E2C33E77F00EEF679 /* Sources */ = {
			isa = PBXSourcesBuildPhase;
			buildActionMask = 2147483647;
			files = (
				72154D762C352EBD00EEF679 /* PriorityViewController.swift in Sources */,
				72154D6F2C34689900EEF679 /* DateViewController.swift in Sources */,
				72154D9A2C3AEEBD00EEF679 /* DetailViewController.swift in Sources */,
				72154D662C34529600EEF679 /* TitleProtocol.swift in Sources */,
				72154D542C34062200EEF679 /* NewListViewController.swift in Sources */,
				72154D3A2C33EC0B00EEF679 /* MainViewController.swift in Sources */,
				72154D562C34360800EEF679 /* NewListTitleTableViewCell.swift in Sources */,
				72154D472C33F9D200EEF679 /* BaseCollectionViewCell.swift in Sources */,
				72154D742C352BF700EEF679 /* TagViewController.swift in Sources */,
				72154D442C33F96700EEF679 /* ReuseIdentifierProtocol.swift in Sources */,
				72154D6B2C3459A700EEF679 /* AllListViewController.swift in Sources */,
				72154D832C37DE9C00EEF679 /* MainTableViewCell.swift in Sources */,
				72154D492C33F9F400EEF679 /* MainCollectionViewCell.swift in Sources */,
				72154D3E2C33F17A00EEF679 /* BaseViewController.swift in Sources */,
				72154D5C2C34443800EEF679 /* NewList.swift in Sources */,
				72154D262C33E77F00EEF679 /* AppDelegate.swift in Sources */,
				72154D9C2C3AF1BB00EEF679 /* ListTableRepository.swift in Sources */,
				72154D782C35A75C00EEF679 /* PresentProtocol.swift in Sources */,
				72154D4F2C33FE2100EEF679 /* IconImage.swift in Sources */,
				72154D5A2C3439AC00EEF679 /* NewListSettingTableViewCell.swift in Sources */,
				72154D412C33F1EC00EEF679 /* ViewController+Extension.swift in Sources */,
				72154D522C3402CB00EEF679 /* Icon.swift in Sources */,
				72154D642C3451B100EEF679 /* RealmModel.swift in Sources */,
				72154D582C34362C00EEF679 /* BaseTableViewCell.swift in Sources */,
				72154D282C33E77F00EEF679 /* SceneDelegate.swift in Sources */,
				72154D6D2C34622400EEF679 /* AllListTableViewCell.swift in Sources */,
			);
			runOnlyForDeploymentPostprocessing = 0;
		};
/* End PBXSourcesBuildPhase section */

/* Begin PBXVariantGroup section */
		72154D302C33E78000EEF679 /* LaunchScreen.storyboard */ = {
			isa = PBXVariantGroup;
			children = (
				72154D312C33E78000EEF679 /* Base */,
			);
			name = LaunchScreen.storyboard;
			sourceTree = "<group>";
		};
/* End PBXVariantGroup section */

/* Begin XCBuildConfiguration section */
		72154D342C33E78000EEF679 /* Debug */ = {
			isa = XCBuildConfiguration;
			buildSettings = {
				ALWAYS_SEARCH_USER_PATHS = NO;
				ASSETCATALOG_COMPILER_GENERATE_SWIFT_ASSET_SYMBOL_EXTENSIONS = YES;
				CLANG_ANALYZER_NONNULL = YES;
				CLANG_ANALYZER_NUMBER_OBJECT_CONVERSION = YES_AGGRESSIVE;
				CLANG_CXX_LANGUAGE_STANDARD = "gnu++20";
				CLANG_ENABLE_MODULES = YES;
				CLANG_ENABLE_OBJC_ARC = YES;
				CLANG_ENABLE_OBJC_WEAK = YES;
				CLANG_WARN_BLOCK_CAPTURE_AUTORELEASING = YES;
				CLANG_WARN_BOOL_CONVERSION = YES;
				CLANG_WARN_COMMA = YES;
				CLANG_WARN_CONSTANT_CONVERSION = YES;
				CLANG_WARN_DEPRECATED_OBJC_IMPLEMENTATIONS = YES;
				CLANG_WARN_DIRECT_OBJC_ISA_USAGE = YES_ERROR;
				CLANG_WARN_DOCUMENTATION_COMMENTS = YES;
				CLANG_WARN_EMPTY_BODY = YES;
				CLANG_WARN_ENUM_CONVERSION = YES;
				CLANG_WARN_INFINITE_RECURSION = YES;
				CLANG_WARN_INT_CONVERSION = YES;
				CLANG_WARN_NON_LITERAL_NULL_CONVERSION = YES;
				CLANG_WARN_OBJC_IMPLICIT_RETAIN_SELF = YES;
				CLANG_WARN_OBJC_LITERAL_CONVERSION = YES;
				CLANG_WARN_OBJC_ROOT_CLASS = YES_ERROR;
				CLANG_WARN_QUOTED_INCLUDE_IN_FRAMEWORK_HEADER = YES;
				CLANG_WARN_RANGE_LOOP_ANALYSIS = YES;
				CLANG_WARN_STRICT_PROTOTYPES = YES;
				CLANG_WARN_SUSPICIOUS_MOVE = YES;
				CLANG_WARN_UNGUARDED_AVAILABILITY = YES_AGGRESSIVE;
				CLANG_WARN_UNREACHABLE_CODE = YES;
				CLANG_WARN__DUPLICATE_METHOD_MATCH = YES;
				COPY_PHASE_STRIP = NO;
				DEBUG_INFORMATION_FORMAT = dwarf;
				ENABLE_STRICT_OBJC_MSGSEND = YES;
				ENABLE_TESTABILITY = YES;
				ENABLE_USER_SCRIPT_SANDBOXING = YES;
				GCC_C_LANGUAGE_STANDARD = gnu17;
				GCC_DYNAMIC_NO_PIC = NO;
				GCC_NO_COMMON_BLOCKS = YES;
				GCC_OPTIMIZATION_LEVEL = 0;
				GCC_PREPROCESSOR_DEFINITIONS = (
					"DEBUG=1",
					"$(inherited)",
				);
				GCC_WARN_64_TO_32_BIT_CONVERSION = YES;
				GCC_WARN_ABOUT_RETURN_TYPE = YES_ERROR;
				GCC_WARN_UNDECLARED_SELECTOR = YES;
				GCC_WARN_UNINITIALIZED_AUTOS = YES_AGGRESSIVE;
				GCC_WARN_UNUSED_FUNCTION = YES;
				GCC_WARN_UNUSED_VARIABLE = YES;
				IPHONEOS_DEPLOYMENT_TARGET = 17.4;
				LOCALIZATION_PREFERS_STRING_CATALOGS = YES;
				MTL_ENABLE_DEBUG_INFO = INCLUDE_SOURCE;
				MTL_FAST_MATH = YES;
				ONLY_ACTIVE_ARCH = YES;
				SDKROOT = iphoneos;
				SWIFT_ACTIVE_COMPILATION_CONDITIONS = "DEBUG $(inherited)";
				SWIFT_OPTIMIZATION_LEVEL = "-Onone";
			};
			name = Debug;
		};
		72154D352C33E78000EEF679 /* Release */ = {
			isa = XCBuildConfiguration;
			buildSettings = {
				ALWAYS_SEARCH_USER_PATHS = NO;
				ASSETCATALOG_COMPILER_GENERATE_SWIFT_ASSET_SYMBOL_EXTENSIONS = YES;
				CLANG_ANALYZER_NONNULL = YES;
				CLANG_ANALYZER_NUMBER_OBJECT_CONVERSION = YES_AGGRESSIVE;
				CLANG_CXX_LANGUAGE_STANDARD = "gnu++20";
				CLANG_ENABLE_MODULES = YES;
				CLANG_ENABLE_OBJC_ARC = YES;
				CLANG_ENABLE_OBJC_WEAK = YES;
				CLANG_WARN_BLOCK_CAPTURE_AUTORELEASING = YES;
				CLANG_WARN_BOOL_CONVERSION = YES;
				CLANG_WARN_COMMA = YES;
				CLANG_WARN_CONSTANT_CONVERSION = YES;
				CLANG_WARN_DEPRECATED_OBJC_IMPLEMENTATIONS = YES;
				CLANG_WARN_DIRECT_OBJC_ISA_USAGE = YES_ERROR;
				CLANG_WARN_DOCUMENTATION_COMMENTS = YES;
				CLANG_WARN_EMPTY_BODY = YES;
				CLANG_WARN_ENUM_CONVERSION = YES;
				CLANG_WARN_INFINITE_RECURSION = YES;
				CLANG_WARN_INT_CONVERSION = YES;
				CLANG_WARN_NON_LITERAL_NULL_CONVERSION = YES;
				CLANG_WARN_OBJC_IMPLICIT_RETAIN_SELF = YES;
				CLANG_WARN_OBJC_LITERAL_CONVERSION = YES;
				CLANG_WARN_OBJC_ROOT_CLASS = YES_ERROR;
				CLANG_WARN_QUOTED_INCLUDE_IN_FRAMEWORK_HEADER = YES;
				CLANG_WARN_RANGE_LOOP_ANALYSIS = YES;
				CLANG_WARN_STRICT_PROTOTYPES = YES;
				CLANG_WARN_SUSPICIOUS_MOVE = YES;
				CLANG_WARN_UNGUARDED_AVAILABILITY = YES_AGGRESSIVE;
				CLANG_WARN_UNREACHABLE_CODE = YES;
				CLANG_WARN__DUPLICATE_METHOD_MATCH = YES;
				COPY_PHASE_STRIP = NO;
				DEBUG_INFORMATION_FORMAT = "dwarf-with-dsym";
				ENABLE_NS_ASSERTIONS = NO;
				ENABLE_STRICT_OBJC_MSGSEND = YES;
				ENABLE_USER_SCRIPT_SANDBOXING = YES;
				GCC_C_LANGUAGE_STANDARD = gnu17;
				GCC_NO_COMMON_BLOCKS = YES;
				GCC_WARN_64_TO_32_BIT_CONVERSION = YES;
				GCC_WARN_ABOUT_RETURN_TYPE = YES_ERROR;
				GCC_WARN_UNDECLARED_SELECTOR = YES;
				GCC_WARN_UNINITIALIZED_AUTOS = YES_AGGRESSIVE;
				GCC_WARN_UNUSED_FUNCTION = YES;
				GCC_WARN_UNUSED_VARIABLE = YES;
				IPHONEOS_DEPLOYMENT_TARGET = 17.4;
				LOCALIZATION_PREFERS_STRING_CATALOGS = YES;
				MTL_ENABLE_DEBUG_INFO = NO;
				MTL_FAST_MATH = YES;
				SDKROOT = iphoneos;
				SWIFT_COMPILATION_MODE = wholemodule;
				VALIDATE_PRODUCT = YES;
			};
			name = Release;
		};
		72154D372C33E78000EEF679 /* Debug */ = {
			isa = XCBuildConfiguration;
			buildSettings = {
				ASSETCATALOG_COMPILER_APPICON_NAME = AppIcon;
				ASSETCATALOG_COMPILER_GLOBAL_ACCENT_COLOR_NAME = AccentColor;
				CODE_SIGN_STYLE = Automatic;
				CURRENT_PROJECT_VERSION = 1;
				DEVELOPMENT_TEAM = QQN262X7KM;
				GENERATE_INFOPLIST_FILE = YES;
				INFOPLIST_FILE = ReminderProject/Info.plist;
				INFOPLIST_KEY_CFBundleDisplayName = Reminder;
				INFOPLIST_KEY_UIApplicationSupportsIndirectInputEvents = YES;
				INFOPLIST_KEY_UILaunchStoryboardName = LaunchScreen;
				INFOPLIST_KEY_UISupportedInterfaceOrientations = UIInterfaceOrientationPortrait;
				INFOPLIST_KEY_UISupportedInterfaceOrientations_iPad = UIInterfaceOrientationPortrait;
				IPHONEOS_DEPLOYMENT_TARGET = 16.0;
				LD_RUNPATH_SEARCH_PATHS = (
					"$(inherited)",
					"@executable_path/Frameworks",
				);
				MARKETING_VERSION = 1.0;
				PRODUCT_BUNDLE_IDENTIFIER = com.Jun.ReminderProject;
				PRODUCT_NAME = "$(TARGET_NAME)";
				SUPPORTED_PLATFORMS = "iphoneos iphonesimulator";
				SUPPORTS_MACCATALYST = NO;
				SUPPORTS_MAC_DESIGNED_FOR_IPHONE_IPAD = NO;
				SUPPORTS_XR_DESIGNED_FOR_IPHONE_IPAD = NO;
				SWIFT_EMIT_LOC_STRINGS = YES;
				SWIFT_VERSION = 5.0;
				TARGETED_DEVICE_FAMILY = 1;
			};
			name = Debug;
		};
		72154D382C33E78000EEF679 /* Release */ = {
			isa = XCBuildConfiguration;
			buildSettings = {
				ASSETCATALOG_COMPILER_APPICON_NAME = AppIcon;
				ASSETCATALOG_COMPILER_GLOBAL_ACCENT_COLOR_NAME = AccentColor;
				CODE_SIGN_STYLE = Automatic;
				CURRENT_PROJECT_VERSION = 1;
				DEVELOPMENT_TEAM = QQN262X7KM;
				GENERATE_INFOPLIST_FILE = YES;
				INFOPLIST_FILE = ReminderProject/Info.plist;
				INFOPLIST_KEY_CFBundleDisplayName = Reminder;
				INFOPLIST_KEY_UIApplicationSupportsIndirectInputEvents = YES;
				INFOPLIST_KEY_UILaunchStoryboardName = LaunchScreen;
				INFOPLIST_KEY_UISupportedInterfaceOrientations = UIInterfaceOrientationPortrait;
				INFOPLIST_KEY_UISupportedInterfaceOrientations_iPad = UIInterfaceOrientationPortrait;
				IPHONEOS_DEPLOYMENT_TARGET = 16.0;
				LD_RUNPATH_SEARCH_PATHS = (
					"$(inherited)",
					"@executable_path/Frameworks",
				);
				MARKETING_VERSION = 1.0;
				PRODUCT_BUNDLE_IDENTIFIER = com.Jun.ReminderProject;
				PRODUCT_NAME = "$(TARGET_NAME)";
				SUPPORTED_PLATFORMS = "iphoneos iphonesimulator";
				SUPPORTS_MACCATALYST = NO;
				SUPPORTS_MAC_DESIGNED_FOR_IPHONE_IPAD = NO;
				SUPPORTS_XR_DESIGNED_FOR_IPHONE_IPAD = NO;
				SWIFT_EMIT_LOC_STRINGS = YES;
				SWIFT_VERSION = 5.0;
				TARGETED_DEVICE_FAMILY = 1;
			};
			name = Release;
		};
/* End XCBuildConfiguration section */

/* Begin XCConfigurationList section */
		72154D1D2C33E77F00EEF679 /* Build configuration list for PBXProject "ReminderProject" */ = {
			isa = XCConfigurationList;
			buildConfigurations = (
				72154D342C33E78000EEF679 /* Debug */,
				72154D352C33E78000EEF679 /* Release */,
			);
			defaultConfigurationIsVisible = 0;
			defaultConfigurationName = Release;
		};
		72154D362C33E78000EEF679 /* Build configuration list for PBXNativeTarget "ReminderProject" */ = {
			isa = XCConfigurationList;
			buildConfigurations = (
				72154D372C33E78000EEF679 /* Debug */,
				72154D382C33E78000EEF679 /* Release */,
			);
			defaultConfigurationIsVisible = 0;
			defaultConfigurationName = Release;
		};
/* End XCConfigurationList section */

/* Begin XCRemoteSwiftPackageReference section */
		72154D4A2C33FAB500EEF679 /* XCRemoteSwiftPackageReference "SnapKit" */ = {
			isa = XCRemoteSwiftPackageReference;
			repositoryURL = "https://github.com/SnapKit/SnapKit.git";
			requirement = {
				kind = upToNextMajorVersion;
				minimumVersion = 5.7.1;
			};
		};
		72154D5D2C3450B900EEF679 /* XCRemoteSwiftPackageReference "realm-swift" */ = {
			isa = XCRemoteSwiftPackageReference;
			repositoryURL = "https://github.com/realm/realm-swift.git";
			requirement = {
				kind = exactVersion;
				version = 10.52.1;
			};
		};
		72154D672C3457C800EEF679 /* XCRemoteSwiftPackageReference "Toast-Swift" */ = {
			isa = XCRemoteSwiftPackageReference;
			repositoryURL = "https://github.com/scalessec/Toast-Swift.git";
			requirement = {
				kind = upToNextMajorVersion;
				minimumVersion = 5.1.1;
			};
		};
		72154D7F2C37C3FE00EEF679 /* XCRemoteSwiftPackageReference "FSCalendar" */ = {
			isa = XCRemoteSwiftPackageReference;
			repositoryURL = "https://github.com/WenchaoD/FSCalendar.git";
			requirement = {
				kind = upToNextMajorVersion;
				minimumVersion = 2.8.4;
			};
		};
/* End XCRemoteSwiftPackageReference section */

/* Begin XCSwiftPackageProductDependency section */
		72154D4B2C33FAB500EEF679 /* SnapKit */ = {
			isa = XCSwiftPackageProductDependency;
			package = 72154D4A2C33FAB500EEF679 /* XCRemoteSwiftPackageReference "SnapKit" */;
			productName = SnapKit;
		};
		72154D5E2C3450B900EEF679 /* RealmSwift */ = {
			isa = XCSwiftPackageProductDependency;
			package = 72154D5D2C3450B900EEF679 /* XCRemoteSwiftPackageReference "realm-swift" */;
			productName = RealmSwift;
		};
		72154D682C3457C800EEF679 /* Toast */ = {
			isa = XCSwiftPackageProductDependency;
			package = 72154D672C3457C800EEF679 /* XCRemoteSwiftPackageReference "Toast-Swift" */;
			productName = Toast;
		};
		72154D802C37C3FE00EEF679 /* FSCalendar */ = {
			isa = XCSwiftPackageProductDependency;
			package = 72154D7F2C37C3FE00EEF679 /* XCRemoteSwiftPackageReference "FSCalendar" */;
			productName = FSCalendar;
		};
/* End XCSwiftPackageProductDependency section */
	};
	rootObject = 72154D1A2C33E77F00EEF679 /* Project object */;
}
